
Microsoft Visual Studio Solution File, Format Version 12.00
# Visual Studio Version 17
VisualStudioVersion = 17.9.34701.34
MinimumVisualStudioVersion = 10.0.40219.1
Project("{9A19103F-16F7-4668-BE54-9A1E7A4F7556}") = "04_MinMax", "04_MinMax\04_MinMax.csproj", "{B2C0DB6A-CDEE-4A4E-950E-A41D42D39A4B}"
EndProject
Project("{9A19103F-16F7-4668-BE54-9A1E7A4F7556}") = "05_Divider", "05_Divider\05_Divider.csproj", "{0572910F-8E3B-4F9E-BEB7-F6BCC111279E}"
EndProject
Project("{9A19103F-16F7-4668-BE54-9A1E7A4F7556}") = "06_Wechselgeld", "06_Wechselgeld\06_Wechselgeld.csproj", "{3ABD8D0F-C022-47C0-829E-5814A66B49CA}"
EndProject
Project("{9A19103F-16F7-4668-BE54-9A1E7A4F7556}") = "07_Primzahlen", "07_Primzahlen\07_Primzahlen.csproj", "{137B6240-2DD6-4EF4-A461-89B85FAC2AE9}"
EndProject
Project("{9A19103F-16F7-4668-BE54-9A1E7A4F7556}") = "08_kleineEinMalEins", "08_kleineEinMalEins\08_kleineEinMalEins.csproj", "{16B18799-517E-4D34-81DF-FD6D26366DC4}"
EndProject
Project("{FAE04EC0-301F-11D3-BF4B-00C04F79EFBC}") = "09_Primzahlen2", "09_Primzahlen2\09_Primzahlen2.csproj", "{C3546921-CDE2-42B7-84E2-E036962C17A3}"
EndProject
Project("{9A19103F-16F7-4668-BE54-9A1E7A4F7556}") = "13_FirstOOP", "13_FirstOOP\13_FirstOOP.csproj", "{B6E3B510-7E79-4821-B0EE-647A4254932A}"
EndProject
Project("{9A19103F-16F7-4668-BE54-9A1E7A4F7556}") = "14_Animals", "14_Animals\14_Animals.csproj", "{42520915-E75D-41B3-A50A-05A1C13B69E0}"
EndProject
Project("{9A19103F-16F7-4668-BE54-9A1E7A4F7556}") = "15_Rectangle", "15_Rectangle\15_Rectangle.csproj", "{1AC7110E-A909-45AD-B79E-935150DB23F1}"
EndProject
Project("{9A19103F-16F7-4668-BE54-9A1E7A4F7556}") = "hue2", "hue2\hue2.csproj", "{8A17A5A9-165D-495C-A97B-F6DFA4FFED50}"
EndProject
Project("{9A19103F-16F7-4668-BE54-9A1E7A4F7556}") = "16_Properties", "16_Properties\16_Properties.csproj", "{CAC137D8-7A1C-4C0B-871D-86FB959F0D60}"
EndProject
Project("{9A19103F-16F7-4668-BE54-9A1E7A4F7556}") = "17_Farmer", "17_Farmer\17_Farmer.csproj", "{53BC6360-2DA6-4D3C-9556-06D5E1DB3B9A}"
EndProject
Project("{9A19103F-16F7-4668-BE54-9A1E7A4F7556}") = "18_Library", "18_Library\18_Library.csproj", "{15AD5005-A008-4C2B-AFDA-5B69F01D6A4D}"
EndProject
Project("{9A19103F-16F7-4668-BE54-9A1E7A4F7556}") = "hue3a", "hue3a\hue3a.csproj", "{15A3390F-6699-4410-8745-B51DC141D5F0}"
EndProject
Project("{9A19103F-16F7-4668-BE54-9A1E7A4F7556}") = "hue4", "hue4\hue4.csproj", "{EF676A5F-A778-4401-A5E4-BAC4C15EA772}"
EndProject
Project("{9A19103F-16F7-4668-BE54-9A1E7A4F7556}") = "19_DateTime", "17_DateTime\19_DateTime.csproj", "{2FECE92A-7CD9-403E-BDB2-AFAE4B63AB54}"
EndProject
Project("{9A19103F-16F7-4668-BE54-9A1E7A4F7556}") = "20_ReactionTime", "20_ReactionTime\20_ReactionTime.csproj", "{80ED0512-712D-4CDF-9EF0-BC5ADC998CE3}"
EndProject
Project("{9A19103F-16F7-4668-BE54-9A1E7A4F7556}") = "21_DateTimeBsp6", "21_DateTimeBsp6\21_DateTimeBsp6.csproj", "{8D68C2B0-6903-4A05-8A52-4ACF70FD4316}"
EndProject
Project("{9A19103F-16F7-4668-BE54-9A1E7A4F7556}") = "22_Zufallszahlraten", "22_Zufallszahlraten\22_Zufallszahlraten.csproj", "{F72070DC-FA55-4BD5-80CC-BD8EC8FBED09}"
EndProject
Project("{9A19103F-16F7-4668-BE54-9A1E7A4F7556}") = "23_Birthday", "23_Birthday\23_Birthday.csproj", "{21BD2C29-5966-4E48-954B-CAED2060EA20}"
EndProject
Project("{9A19103F-16F7-4668-BE54-9A1E7A4F7556}") = "24_GenerischeCollection", "20_GenerischeCollection\24_GenerischeCollection.csproj", "{B8789592-45D6-4A01-9565-5CC0BBC67F82}"
EndProject
Project("{9A19103F-16F7-4668-BE54-9A1E7A4F7556}") = "25_UebungenGEnericalCollections", "25_UebungenGEnericalCollections\25_UebungenGEnericalCollections.csproj", "{B6B6EACD-2D30-422D-A765-3C6AC066D875}"
EndProject
Project("{9A19103F-16F7-4668-BE54-9A1E7A4F7556}") = "hue6", "hue6\hue6.csproj", "{5AB9C6AA-7507-4ED1-A1F0-8854039B1487}"
EndProject
Project("{9A19103F-16F7-4668-BE54-9A1E7A4F7556}") = "26_Hash", "26_Hash\26_Hash.csproj", "{4F8589AD-947B-4B3D-93FD-CADC7E2B2582}"
EndProject
Project("{9A19103F-16F7-4668-BE54-9A1E7A4F7556}") = "27_Dictionary", "27_Dictioneries\27_Dictionary.csproj", "{4FCE217E-0449-4A08-AB51-6BFE62D46E0B}"
EndProject
Project("{9A19103F-16F7-4668-BE54-9A1E7A4F7556}") = "28_LetterCount", "28_LetterCount\28_LetterCount.csproj", "{2C794526-88BB-4A09-AC1A-59E12334442B}"
EndProject
Project("{2150E333-8FDC-42A3-9474-1A3956D46DE8}") = "Hausuebungen", "Hausuebungen", "{94D977A6-BA82-4B27-A47A-2601D3FA090C}"
EndProject
Project("{9A19103F-16F7-4668-BE54-9A1E7A4F7556}") = "29_Dictionary_Uebungen", "29_Dictionary_Uebungen\29_Dictionary_Uebungen.csproj", "{DA4C6271-29C4-4E52-AEF9-11E74115E1B0}"
EndProject
Project("{9A19103F-16F7-4668-BE54-9A1E7A4F7556}") = "hue7", "hue7\hue7.csproj", "{AC286B2B-E05D-4884-A62D-875BF1B443FE}"
EndProject
Project("{9A19103F-16F7-4668-BE54-9A1E7A4F7556}") = "AA2", "AA2\AA2.csproj", "{436216B9-8C3C-4F02-B9E7-247CA802536C}"
EndProject
Project("{9A19103F-16F7-4668-BE54-9A1E7A4F7556}") = "AA1", "AA1\AA1.csproj", "{F90659D9-003F-4AFF-B9DF-0CA3E2AC02AA}"
EndProject
Project("{9A19103F-16F7-4668-BE54-9A1E7A4F7556}") = "AA3", "AA3\AA3.csproj", "{4F67AC68-07EE-4573-8387-48A5F5BE7FC0}"
EndProject
Project("{9A19103F-16F7-4668-BE54-9A1E7A4F7556}") = "ThirtyFirstGIU", "ThirtyFirstGIU\ThirtyFirstGIU.csproj", "{BB50E4C0-FEF3-43F7-AFCA-4809769C7FC7}"
EndProject
Project("{9A19103F-16F7-4668-BE54-9A1E7A4F7556}") = "ThirtyOneBMI", "ThirtyBMI\ThirtyOneBMI.csproj", "{56A82B8D-E70B-4FCC-B132-227B50088B7A}"
EndProject
Project("{9A19103F-16F7-4668-BE54-9A1E7A4F7556}") = "ThirtyTwoVolumeSurfaceCuboid", "thirtyThreeVolumeSurfaceCuboid\ThirtyTwoVolumeSurfaceCuboid.csproj", "{955C59C7-6F65-4AE7-AFC4-0223D37CCF95}"
EndProject
Project("{9A19103F-16F7-4668-BE54-9A1E7A4F7556}") = "ThirtyThreeMouseEvent", "ThirtyThreeMouseEvent\ThirtyThreeMouseEvent.csproj", "{27197479-1C71-4831-8C2A-11C86BCA839E}"
EndProject
Project("{9A19103F-16F7-4668-BE54-9A1E7A4F7556}") = "hueAchtNUmeroOhnefehler", "hueAchtNUmeroOhnefehler\hueAchtNUmeroOhnefehler.csproj", "{26EBB3D4-42AD-4C81-9009-A14E77EB6076}"
EndProject
Project("{9A19103F-16F7-4668-BE54-9A1E7A4F7556}") = "ThirtyFourControlDemos", "ThirtyFourControlDemos\ThirtyFourControlDemos.csproj", "{C491CCE2-7566-41A3-BBE6-558E3170D9F6}"
EndProject
Project("{FAE04EC0-301F-11D3-BF4B-00C04F79EFBC}") = "ThirtySevenProjekt", "ThirtySevenProjekt\ThirtySevenProjekt.csproj", "{2036E56A-266F-456D-969E-17DAB1FA1745}"
EndProject
Global
	GlobalSection(SolutionConfigurationPlatforms) = preSolution
		Debug|Any CPU = Debug|Any CPU
		Release|Any CPU = Release|Any CPU
	EndGlobalSection
	GlobalSection(ProjectConfigurationPlatforms) = postSolution
		{B2C0DB6A-CDEE-4A4E-950E-A41D42D39A4B}.Debug|Any CPU.ActiveCfg = Debug|Any CPU
		{B2C0DB6A-CDEE-4A4E-950E-A41D42D39A4B}.Debug|Any CPU.Build.0 = Debug|Any CPU
		{B2C0DB6A-CDEE-4A4E-950E-A41D42D39A4B}.Release|Any CPU.ActiveCfg = Release|Any CPU
		{B2C0DB6A-CDEE-4A4E-950E-A41D42D39A4B}.Release|Any CPU.Build.0 = Release|Any CPU
		{0572910F-8E3B-4F9E-BEB7-F6BCC111279E}.Debug|Any CPU.ActiveCfg = Debug|Any CPU
		{0572910F-8E3B-4F9E-BEB7-F6BCC111279E}.Debug|Any CPU.Build.0 = Debug|Any CPU
		{0572910F-8E3B-4F9E-BEB7-F6BCC111279E}.Release|Any CPU.ActiveCfg = Release|Any CPU
		{0572910F-8E3B-4F9E-BEB7-F6BCC111279E}.Release|Any CPU.Build.0 = Release|Any CPU
		{3ABD8D0F-C022-47C0-829E-5814A66B49CA}.Debug|Any CPU.ActiveCfg = Debug|Any CPU
		{3ABD8D0F-C022-47C0-829E-5814A66B49CA}.Debug|Any CPU.Build.0 = Debug|Any CPU
		{3ABD8D0F-C022-47C0-829E-5814A66B49CA}.Release|Any CPU.ActiveCfg = Release|Any CPU
		{3ABD8D0F-C022-47C0-829E-5814A66B49CA}.Release|Any CPU.Build.0 = Release|Any CPU
		{137B6240-2DD6-4EF4-A461-89B85FAC2AE9}.Debug|Any CPU.ActiveCfg = Debug|Any CPU
		{137B6240-2DD6-4EF4-A461-89B85FAC2AE9}.Debug|Any CPU.Build.0 = Debug|Any CPU
		{137B6240-2DD6-4EF4-A461-89B85FAC2AE9}.Release|Any CPU.ActiveCfg = Release|Any CPU
		{137B6240-2DD6-4EF4-A461-89B85FAC2AE9}.Release|Any CPU.Build.0 = Release|Any CPU
		{16B18799-517E-4D34-81DF-FD6D26366DC4}.Debug|Any CPU.ActiveCfg = Debug|Any CPU
		{16B18799-517E-4D34-81DF-FD6D26366DC4}.Debug|Any CPU.Build.0 = Debug|Any CPU
		{16B18799-517E-4D34-81DF-FD6D26366DC4}.Release|Any CPU.ActiveCfg = Release|Any CPU
		{16B18799-517E-4D34-81DF-FD6D26366DC4}.Release|Any CPU.Build.0 = Release|Any CPU
		{C3546921-CDE2-42B7-84E2-E036962C17A3}.Debug|Any CPU.ActiveCfg = Debug|Any CPU
		{C3546921-CDE2-42B7-84E2-E036962C17A3}.Debug|Any CPU.Build.0 = Debug|Any CPU
		{C3546921-CDE2-42B7-84E2-E036962C17A3}.Release|Any CPU.ActiveCfg = Release|Any CPU
		{C3546921-CDE2-42B7-84E2-E036962C17A3}.Release|Any CPU.Build.0 = Release|Any CPU
		{B6E3B510-7E79-4821-B0EE-647A4254932A}.Debug|Any CPU.ActiveCfg = Debug|Any CPU
		{B6E3B510-7E79-4821-B0EE-647A4254932A}.Debug|Any CPU.Build.0 = Debug|Any CPU
		{B6E3B510-7E79-4821-B0EE-647A4254932A}.Release|Any CPU.ActiveCfg = Release|Any CPU
		{B6E3B510-7E79-4821-B0EE-647A4254932A}.Release|Any CPU.Build.0 = Release|Any CPU
		{42520915-E75D-41B3-A50A-05A1C13B69E0}.Debug|Any CPU.ActiveCfg = Debug|Any CPU
		{42520915-E75D-41B3-A50A-05A1C13B69E0}.Debug|Any CPU.Build.0 = Debug|Any CPU
		{42520915-E75D-41B3-A50A-05A1C13B69E0}.Release|Any CPU.ActiveCfg = Release|Any CPU
		{42520915-E75D-41B3-A50A-05A1C13B69E0}.Release|Any CPU.Build.0 = Release|Any CPU
		{1AC7110E-A909-45AD-B79E-935150DB23F1}.Debug|Any CPU.ActiveCfg = Debug|Any CPU
		{1AC7110E-A909-45AD-B79E-935150DB23F1}.Debug|Any CPU.Build.0 = Debug|Any CPU
		{1AC7110E-A909-45AD-B79E-935150DB23F1}.Release|Any CPU.ActiveCfg = Release|Any CPU
		{1AC7110E-A909-45AD-B79E-935150DB23F1}.Release|Any CPU.Build.0 = Release|Any CPU
		{8A17A5A9-165D-495C-A97B-F6DFA4FFED50}.Debug|Any CPU.ActiveCfg = Debug|Any CPU
		{8A17A5A9-165D-495C-A97B-F6DFA4FFED50}.Debug|Any CPU.Build.0 = Debug|Any CPU
		{8A17A5A9-165D-495C-A97B-F6DFA4FFED50}.Release|Any CPU.ActiveCfg = Release|Any CPU
		{8A17A5A9-165D-495C-A97B-F6DFA4FFED50}.Release|Any CPU.Build.0 = Release|Any CPU
		{CAC137D8-7A1C-4C0B-871D-86FB959F0D60}.Debug|Any CPU.ActiveCfg = Debug|Any CPU
		{CAC137D8-7A1C-4C0B-871D-86FB959F0D60}.Debug|Any CPU.Build.0 = Debug|Any CPU
		{CAC137D8-7A1C-4C0B-871D-86FB959F0D60}.Release|Any CPU.ActiveCfg = Release|Any CPU
		{CAC137D8-7A1C-4C0B-871D-86FB959F0D60}.Release|Any CPU.Build.0 = Release|Any CPU
		{53BC6360-2DA6-4D3C-9556-06D5E1DB3B9A}.Debug|Any CPU.ActiveCfg = Debug|Any CPU
		{53BC6360-2DA6-4D3C-9556-06D5E1DB3B9A}.Debug|Any CPU.Build.0 = Debug|Any CPU
		{53BC6360-2DA6-4D3C-9556-06D5E1DB3B9A}.Release|Any CPU.ActiveCfg = Release|Any CPU
		{53BC6360-2DA6-4D3C-9556-06D5E1DB3B9A}.Release|Any CPU.Build.0 = Release|Any CPU
		{15AD5005-A008-4C2B-AFDA-5B69F01D6A4D}.Debug|Any CPU.ActiveCfg = Debug|Any CPU
		{15AD5005-A008-4C2B-AFDA-5B69F01D6A4D}.Debug|Any CPU.Build.0 = Debug|Any CPU
		{15AD5005-A008-4C2B-AFDA-5B69F01D6A4D}.Release|Any CPU.ActiveCfg = Release|Any CPU
		{15AD5005-A008-4C2B-AFDA-5B69F01D6A4D}.Release|Any CPU.Build.0 = Release|Any CPU
		{15A3390F-6699-4410-8745-B51DC141D5F0}.Debug|Any CPU.ActiveCfg = Debug|Any CPU
		{15A3390F-6699-4410-8745-B51DC141D5F0}.Debug|Any CPU.Build.0 = Debug|Any CPU
		{15A3390F-6699-4410-8745-B51DC141D5F0}.Release|Any CPU.ActiveCfg = Release|Any CPU
		{15A3390F-6699-4410-8745-B51DC141D5F0}.Release|Any CPU.Build.0 = Release|Any CPU
		{EF676A5F-A778-4401-A5E4-BAC4C15EA772}.Debug|Any CPU.ActiveCfg = Debug|Any CPU
		{EF676A5F-A778-4401-A5E4-BAC4C15EA772}.Debug|Any CPU.Build.0 = Debug|Any CPU
		{EF676A5F-A778-4401-A5E4-BAC4C15EA772}.Release|Any CPU.ActiveCfg = Release|Any CPU
		{EF676A5F-A778-4401-A5E4-BAC4C15EA772}.Release|Any CPU.Build.0 = Release|Any CPU
		{2FECE92A-7CD9-403E-BDB2-AFAE4B63AB54}.Debug|Any CPU.ActiveCfg = Debug|Any CPU
		{2FECE92A-7CD9-403E-BDB2-AFAE4B63AB54}.Debug|Any CPU.Build.0 = Debug|Any CPU
		{2FECE92A-7CD9-403E-BDB2-AFAE4B63AB54}.Release|Any CPU.ActiveCfg = Release|Any CPU
		{2FECE92A-7CD9-403E-BDB2-AFAE4B63AB54}.Release|Any CPU.Build.0 = Release|Any CPU
		{80ED0512-712D-4CDF-9EF0-BC5ADC998CE3}.Debug|Any CPU.ActiveCfg = Debug|Any CPU
		{80ED0512-712D-4CDF-9EF0-BC5ADC998CE3}.Debug|Any CPU.Build.0 = Debug|Any CPU
		{80ED0512-712D-4CDF-9EF0-BC5ADC998CE3}.Release|Any CPU.ActiveCfg = Release|Any CPU
		{80ED0512-712D-4CDF-9EF0-BC5ADC998CE3}.Release|Any CPU.Build.0 = Release|Any CPU
		{8D68C2B0-6903-4A05-8A52-4ACF70FD4316}.Debug|Any CPU.ActiveCfg = Debug|Any CPU
		{8D68C2B0-6903-4A05-8A52-4ACF70FD4316}.Debug|Any CPU.Build.0 = Debug|Any CPU
		{8D68C2B0-6903-4A05-8A52-4ACF70FD4316}.Release|Any CPU.ActiveCfg = Release|Any CPU
		{8D68C2B0-6903-4A05-8A52-4ACF70FD4316}.Release|Any CPU.Build.0 = Release|Any CPU
		{F72070DC-FA55-4BD5-80CC-BD8EC8FBED09}.Debug|Any CPU.ActiveCfg = Debug|Any CPU
		{F72070DC-FA55-4BD5-80CC-BD8EC8FBED09}.Debug|Any CPU.Build.0 = Debug|Any CPU
		{F72070DC-FA55-4BD5-80CC-BD8EC8FBED09}.Release|Any CPU.ActiveCfg = Release|Any CPU
		{F72070DC-FA55-4BD5-80CC-BD8EC8FBED09}.Release|Any CPU.Build.0 = Release|Any CPU
		{21BD2C29-5966-4E48-954B-CAED2060EA20}.Debug|Any CPU.ActiveCfg = Debug|Any CPU
		{21BD2C29-5966-4E48-954B-CAED2060EA20}.Debug|Any CPU.Build.0 = Debug|Any CPU
		{21BD2C29-5966-4E48-954B-CAED2060EA20}.Release|Any CPU.ActiveCfg = Release|Any CPU
		{21BD2C29-5966-4E48-954B-CAED2060EA20}.Release|Any CPU.Build.0 = Release|Any CPU
		{B8789592-45D6-4A01-9565-5CC0BBC67F82}.Debug|Any CPU.ActiveCfg = Debug|Any CPU
		{B8789592-45D6-4A01-9565-5CC0BBC67F82}.Debug|Any CPU.Build.0 = Debug|Any CPU
		{B8789592-45D6-4A01-9565-5CC0BBC67F82}.Release|Any CPU.ActiveCfg = Release|Any CPU
		{B8789592-45D6-4A01-9565-5CC0BBC67F82}.Release|Any CPU.Build.0 = Release|Any CPU
		{B6B6EACD-2D30-422D-A765-3C6AC066D875}.Debug|Any CPU.ActiveCfg = Debug|Any CPU
		{B6B6EACD-2D30-422D-A765-3C6AC066D875}.Debug|Any CPU.Build.0 = Debug|Any CPU
		{B6B6EACD-2D30-422D-A765-3C6AC066D875}.Release|Any CPU.ActiveCfg = Release|Any CPU
		{B6B6EACD-2D30-422D-A765-3C6AC066D875}.Release|Any CPU.Build.0 = Release|Any CPU
		{5AB9C6AA-7507-4ED1-A1F0-8854039B1487}.Debug|Any CPU.ActiveCfg = Debug|Any CPU
		{5AB9C6AA-7507-4ED1-A1F0-8854039B1487}.Debug|Any CPU.Build.0 = Debug|Any CPU
		{5AB9C6AA-7507-4ED1-A1F0-8854039B1487}.Release|Any CPU.ActiveCfg = Release|Any CPU
		{5AB9C6AA-7507-4ED1-A1F0-8854039B1487}.Release|Any CPU.Build.0 = Release|Any CPU
		{4F8589AD-947B-4B3D-93FD-CADC7E2B2582}.Debug|Any CPU.ActiveCfg = Debug|Any CPU
		{4F8589AD-947B-4B3D-93FD-CADC7E2B2582}.Debug|Any CPU.Build.0 = Debug|Any CPU
		{4F8589AD-947B-4B3D-93FD-CADC7E2B2582}.Release|Any CPU.ActiveCfg = Release|Any CPU
		{4F8589AD-947B-4B3D-93FD-CADC7E2B2582}.Release|Any CPU.Build.0 = Release|Any CPU
		{4FCE217E-0449-4A08-AB51-6BFE62D46E0B}.Debug|Any CPU.ActiveCfg = Debug|Any CPU
		{4FCE217E-0449-4A08-AB51-6BFE62D46E0B}.Debug|Any CPU.Build.0 = Debug|Any CPU
		{4FCE217E-0449-4A08-AB51-6BFE62D46E0B}.Release|Any CPU.ActiveCfg = Release|Any CPU
		{4FCE217E-0449-4A08-AB51-6BFE62D46E0B}.Release|Any CPU.Build.0 = Release|Any CPU
		{2C794526-88BB-4A09-AC1A-59E12334442B}.Debug|Any CPU.ActiveCfg = Debug|Any CPU
		{2C794526-88BB-4A09-AC1A-59E12334442B}.Debug|Any CPU.Build.0 = Debug|Any CPU
		{2C794526-88BB-4A09-AC1A-59E12334442B}.Release|Any CPU.ActiveCfg = Release|Any CPU
		{2C794526-88BB-4A09-AC1A-59E12334442B}.Release|Any CPU.Build.0 = Release|Any CPU
		{DA4C6271-29C4-4E52-AEF9-11E74115E1B0}.Debug|Any CPU.ActiveCfg = Debug|Any CPU
		{DA4C6271-29C4-4E52-AEF9-11E74115E1B0}.Debug|Any CPU.Build.0 = Debug|Any CPU
		{DA4C6271-29C4-4E52-AEF9-11E74115E1B0}.Release|Any CPU.ActiveCfg = Release|Any CPU
		{DA4C6271-29C4-4E52-AEF9-11E74115E1B0}.Release|Any CPU.Build.0 = Release|Any CPU
		{AC286B2B-E05D-4884-A62D-875BF1B443FE}.Debug|Any CPU.ActiveCfg = Debug|Any CPU
		{AC286B2B-E05D-4884-A62D-875BF1B443FE}.Debug|Any CPU.Build.0 = Debug|Any CPU
		{AC286B2B-E05D-4884-A62D-875BF1B443FE}.Release|Any CPU.ActiveCfg = Release|Any CPU
		{AC286B2B-E05D-4884-A62D-875BF1B443FE}.Release|Any CPU.Build.0 = Release|Any CPU
		{436216B9-8C3C-4F02-B9E7-247CA802536C}.Debug|Any CPU.ActiveCfg = Debug|Any CPU
		{436216B9-8C3C-4F02-B9E7-247CA802536C}.Debug|Any CPU.Build.0 = Debug|Any CPU
		{436216B9-8C3C-4F02-B9E7-247CA802536C}.Release|Any CPU.ActiveCfg = Release|Any CPU
		{436216B9-8C3C-4F02-B9E7-247CA802536C}.Release|Any CPU.Build.0 = Release|Any CPU
		{F90659D9-003F-4AFF-B9DF-0CA3E2AC02AA}.Debug|Any CPU.ActiveCfg = Debug|Any CPU
		{F90659D9-003F-4AFF-B9DF-0CA3E2AC02AA}.Debug|Any CPU.Build.0 = Debug|Any CPU
		{F90659D9-003F-4AFF-B9DF-0CA3E2AC02AA}.Release|Any CPU.ActiveCfg = Release|Any CPU
		{F90659D9-003F-4AFF-B9DF-0CA3E2AC02AA}.Release|Any CPU.Build.0 = Release|Any CPU
		{4F67AC68-07EE-4573-8387-48A5F5BE7FC0}.Debug|Any CPU.ActiveCfg = Debug|Any CPU
		{4F67AC68-07EE-4573-8387-48A5F5BE7FC0}.Debug|Any CPU.Build.0 = Debug|Any CPU
		{4F67AC68-07EE-4573-8387-48A5F5BE7FC0}.Release|Any CPU.ActiveCfg = Release|Any CPU
		{4F67AC68-07EE-4573-8387-48A5F5BE7FC0}.Release|Any CPU.Build.0 = Release|Any CPU
		{BB50E4C0-FEF3-43F7-AFCA-4809769C7FC7}.Debug|Any CPU.ActiveCfg = Debug|Any CPU
		{BB50E4C0-FEF3-43F7-AFCA-4809769C7FC7}.Debug|Any CPU.Build.0 = Debug|Any CPU
		{BB50E4C0-FEF3-43F7-AFCA-4809769C7FC7}.Debug|Any CPU.Deploy.0 = Debug|Any CPU
		{BB50E4C0-FEF3-43F7-AFCA-4809769C7FC7}.Release|Any CPU.ActiveCfg = Release|Any CPU
		{BB50E4C0-FEF3-43F7-AFCA-4809769C7FC7}.Release|Any CPU.Build.0 = Release|Any CPU
		{BB50E4C0-FEF3-43F7-AFCA-4809769C7FC7}.Release|Any CPU.Deploy.0 = Release|Any CPU
		{56A82B8D-E70B-4FCC-B132-227B50088B7A}.Debug|Any CPU.ActiveCfg = Debug|Any CPU
		{56A82B8D-E70B-4FCC-B132-227B50088B7A}.Debug|Any CPU.Build.0 = Debug|Any CPU
		{56A82B8D-E70B-4FCC-B132-227B50088B7A}.Debug|Any CPU.Deploy.0 = Debug|Any CPU
		{56A82B8D-E70B-4FCC-B132-227B50088B7A}.Release|Any CPU.ActiveCfg = Release|Any CPU
		{56A82B8D-E70B-4FCC-B132-227B50088B7A}.Release|Any CPU.Build.0 = Release|Any CPU
		{56A82B8D-E70B-4FCC-B132-227B50088B7A}.Release|Any CPU.Deploy.0 = Release|Any CPU
		{955C59C7-6F65-4AE7-AFC4-0223D37CCF95}.Debug|Any CPU.ActiveCfg = Debug|Any CPU
		{955C59C7-6F65-4AE7-AFC4-0223D37CCF95}.Debug|Any CPU.Build.0 = Debug|Any CPU
		{955C59C7-6F65-4AE7-AFC4-0223D37CCF95}.Debug|Any CPU.Deploy.0 = Debug|Any CPU
		{955C59C7-6F65-4AE7-AFC4-0223D37CCF95}.Release|Any CPU.ActiveCfg = Release|Any CPU
		{955C59C7-6F65-4AE7-AFC4-0223D37CCF95}.Release|Any CPU.Build.0 = Release|Any CPU
		{955C59C7-6F65-4AE7-AFC4-0223D37CCF95}.Release|Any CPU.Deploy.0 = Release|Any CPU
		{27197479-1C71-4831-8C2A-11C86BCA839E}.Debug|Any CPU.ActiveCfg = Debug|Any CPU
		{27197479-1C71-4831-8C2A-11C86BCA839E}.Debug|Any CPU.Build.0 = Debug|Any CPU
		{27197479-1C71-4831-8C2A-11C86BCA839E}.Debug|Any CPU.Deploy.0 = Debug|Any CPU
		{27197479-1C71-4831-8C2A-11C86BCA839E}.Release|Any CPU.ActiveCfg = Release|Any CPU
		{27197479-1C71-4831-8C2A-11C86BCA839E}.Release|Any CPU.Build.0 = Release|Any CPU
		{27197479-1C71-4831-8C2A-11C86BCA839E}.Release|Any CPU.Deploy.0 = Release|Any CPU
		{26EBB3D4-42AD-4C81-9009-A14E77EB6076}.Debug|Any CPU.ActiveCfg = Debug|Any CPU
		{26EBB3D4-42AD-4C81-9009-A14E77EB6076}.Debug|Any CPU.Build.0 = Debug|Any CPU
		{26EBB3D4-42AD-4C81-9009-A14E77EB6076}.Debug|Any CPU.Deploy.0 = Debug|Any CPU
		{26EBB3D4-42AD-4C81-9009-A14E77EB6076}.Release|Any CPU.ActiveCfg = Release|Any CPU
		{26EBB3D4-42AD-4C81-9009-A14E77EB6076}.Release|Any CPU.Build.0 = Release|Any CPU
		{26EBB3D4-42AD-4C81-9009-A14E77EB6076}.Release|Any CPU.Deploy.0 = Release|Any CPU
		{C491CCE2-7566-41A3-BBE6-558E3170D9F6}.Debug|Any CPU.ActiveCfg = Debug|Any CPU
		{C491CCE2-7566-41A3-BBE6-558E3170D9F6}.Debug|Any CPU.Build.0 = Debug|Any CPU
		{C491CCE2-7566-41A3-BBE6-558E3170D9F6}.Debug|Any CPU.Deploy.0 = Debug|Any CPU
		{C491CCE2-7566-41A3-BBE6-558E3170D9F6}.Release|Any CPU.ActiveCfg = Release|Any CPU
		{C491CCE2-7566-41A3-BBE6-558E3170D9F6}.Release|Any CPU.Build.0 = Release|Any CPU
		{C491CCE2-7566-41A3-BBE6-558E3170D9F6}.Release|Any CPU.Deploy.0 = Release|Any CPU
		{2036E56A-266F-456D-969E-17DAB1FA1745}.Debug|Any CPU.ActiveCfg = Debug|Any CPU
		{2036E56A-266F-456D-969E-17DAB1FA1745}.Debug|Any CPU.Build.0 = Debug|Any CPU
		{2036E56A-266F-456D-969E-17DAB1FA1745}.Debug|Any CPU.Deploy.0 = Debug|Any CPU
		{2036E56A-266F-456D-969E-17DAB1FA1745}.Release|Any CPU.ActiveCfg = Release|Any CPU
		{2036E56A-266F-456D-969E-17DAB1FA1745}.Release|Any CPU.Build.0 = Release|Any CPU
		{2036E56A-266F-456D-969E-17DAB1FA1745}.Release|Any CPU.Deploy.0 = Release|Any CPU
	EndGlobalSection
	GlobalSection(SolutionProperties) = preSolution
		HideSolutionNode = FALSE
	EndGlobalSection
	GlobalSection(NestedProjects) = preSolution
		{8A17A5A9-165D-495C-A97B-F6DFA4FFED50} = {94D977A6-BA82-4B27-A47A-2601D3FA090C}
		{15A3390F-6699-4410-8745-B51DC141D5F0} = {94D977A6-BA82-4B27-A47A-2601D3FA090C}
		{EF676A5F-A778-4401-A5E4-BAC4C15EA772} = {94D977A6-BA82-4B27-A47A-2601D3FA090C}
		{5AB9C6AA-7507-4ED1-A1F0-8854039B1487} = {94D977A6-BA82-4B27-A47A-2601D3FA090C}
		{AC286B2B-E05D-4884-A62D-875BF1B443FE} = {94D977A6-BA82-4B27-A47A-2601D3FA090C}
		{26EBB3D4-42AD-4C81-9009-A14E77EB6076} = {94D977A6-BA82-4B27-A47A-2601D3FA090C}
	EndGlobalSection
	GlobalSection(ExtensibilityGlobals) = postSolution
		SolutionGuid = {9C5977BD-3846-4D89-AF50-79BDEC0F2A33}
	EndGlobalSection
EndGlobal
