
Microsoft Visual Studio Solution File, Format Version 12.00
# Visual Studio Version 17
VisualStudioVersion = 17.11.35327.3
MinimumVisualStudioVersion = 10.0.40219.1
Project("{9A19103F-16F7-4668-BE54-9A1E7A4F7556}") = "ThirtySevenProjekt", "ThirtySevenProjekt\ThirtySevenProjekt.csproj", "{2AEC5940-EB27-410A-A00A-72E2481DDABC}"
EndProject
Project("{FAE04EC0-301F-11D3-BF4B-00C04F79EFBC}") = "projektRebuiltFunktionierenBItte", "projektRebuiltFunktionierenBItte\projektRebuiltFunktionierenBItte.csproj", "{2D612E9A-237C-4E32-8DB2-4A8DE80B6532}"
EndProject
Global
	GlobalSection(SolutionConfigurationPlatforms) = preSolution
		Debug|Any CPU = Debug|Any CPU
		Release|Any CPU = Release|Any CPU
	EndGlobalSection
	GlobalSection(ProjectConfigurationPlatforms) = postSolution
		{2AEC5940-EB27-410A-A00A-72E2481DDABC}.Debug|Any CPU.ActiveCfg = Debug|Any CPU
		{2AEC5940-EB27-410A-A00A-72E2481DDABC}.Debug|Any CPU.Build.0 = Debug|Any CPU
		{2AEC5940-EB27-410A-A00A-72E2481DDABC}.Debug|Any CPU.Deploy.0 = Debug|Any CPU
		{2AEC5940-EB27-410A-A00A-72E2481DDABC}.Release|Any CPU.ActiveCfg = Release|Any CPU
		{2AEC5940-EB27-410A-A00A-72E2481DDABC}.Release|Any CPU.Build.0 = Release|Any CPU
		{2D612E9A-237C-4E32-8DB2-4A8DE80B6532}.Debug|Any CPU.ActiveCfg = Debug|Any CPU
		{2D612E9A-237C-4E32-8DB2-4A8DE80B6532}.Debug|Any CPU.Build.0 = Debug|Any CPU
		{2D612E9A-237C-4E32-8DB2-4A8DE80B6532}.Debug|Any CPU.Deploy.0 = Debug|Any CPU
		{2D612E9A-237C-4E32-8DB2-4A8DE80B6532}.Release|Any CPU.ActiveCfg = Release|Any CPU
		{2D612E9A-237C-4E32-8DB2-4A8DE80B6532}.Release|Any CPU.Build.0 = Release|Any CPU
	EndGlobalSection
	GlobalSection(SolutionProperties) = preSolution
		HideSolutionNode = FALSE
	EndGlobalSection
	GlobalSection(ExtensibilityGlobals) = postSolution
		SolutionGuid = {CAE47D96-E3E2-4446-B595-E245AEEF0378}
	EndGlobalSection
EndGlobal
