
Microsoft Visual Studio Solution File, Format Version 12.00
# Visual Studio Version 17
VisualStudioVersion = 17.11.35327.3
MinimumVisualStudioVersion = 10.0.40219.1
Project("{FAE04EC0-301F-11D3-BF4B-00C04F79EFBC}") = "MatheTrainer", "MatheTrainer\MatheTrainer.csproj", "{77AF1512-B749-45A1-A3B9-654ED2BDDCDB}"
EndProject
Global
	GlobalSection(SolutionConfigurationPlatforms) = preSolution
		Debug|Any CPU = Debug|Any CPU
		Release|Any CPU = Release|Any CPU
	EndGlobalSection
	GlobalSection(ProjectConfigurationPlatforms) = postSolution
		{77AF1512-B749-45A1-A3B9-654ED2BDDCDB}.Debug|Any CPU.ActiveCfg = Debug|Any CPU
		{77AF1512-B749-45A1-A3B9-654ED2BDDCDB}.Debug|Any CPU.Build.0 = Debug|Any CPU
		{77AF1512-B749-45A1-A3B9-654ED2BDDCDB}.Debug|Any CPU.Deploy.0 = Debug|Any CPU
		{77AF1512-B749-45A1-A3B9-654ED2BDDCDB}.Release|Any CPU.ActiveCfg = Release|Any CPU
		{77AF1512-B749-45A1-A3B9-654ED2BDDCDB}.Release|Any CPU.Build.0 = Release|Any CPU
		{77AF1512-B749-45A1-A3B9-654ED2BDDCDB}.Release|Any CPU.Deploy.0 = Release|Any CPU
	EndGlobalSection
	GlobalSection(SolutionProperties) = preSolution
		HideSolutionNode = FALSE
	EndGlobalSection
	GlobalSection(ExtensibilityGlobals) = postSolution
		SolutionGuid = {C43D8F62-ACFB-4FF3-AAE7-40C0F357B124}
	EndGlobalSection
EndGlobal
